// !$*UTF8*$!
{
	archiveVersion = 1;
	classes = {
	};
	objectVersion = 50;
	objects = {

/* Begin PBXBuildFile section */
		8EC905A621241D1B00B9DB8D /* AppDelegate.m in Sources */ = {isa = PBXBuildFile; fileRef = 8EC905A521241D1B00B9DB8D /* AppDelegate.m */; };
		8EC905A921241D1B00B9DB8D /* ViewController.m in Sources */ = {isa = PBXBuildFile; fileRef = 8EC905A821241D1B00B9DB8D /* ViewController.m */; };
		8EC905AC21241D1B00B9DB8D /* Main.storyboard in Resources */ = {isa = PBXBuildFile; fileRef = 8EC905AA21241D1B00B9DB8D /* Main.storyboard */; };
		8EC905AE21241D1C00B9DB8D /* Assets.xcassets in Resources */ = {isa = PBXBuildFile; fileRef = 8EC905AD21241D1C00B9DB8D /* Assets.xcassets */; };
		8EC905B121241D1C00B9DB8D /* LaunchScreen.storyboard in Resources */ = {isa = PBXBuildFile; fileRef = 8EC905AF21241D1C00B9DB8D /* LaunchScreen.storyboard */; };
		8EC905B421241D1C00B9DB8D /* main.m in Sources */ = {isa = PBXBuildFile; fileRef = 8EC905B321241D1C00B9DB8D /* main.m */; };
		8EC905BD21241D4700B9DB8D /* HYAlert.m in Sources */ = {isa = PBXBuildFile; fileRef = 8EC905BB21241D4700B9DB8D /* HYAlert.m */; };
/* End PBXBuildFile section */

/* Begin PBXFileReference section */
		8EC905A121241D1B00B9DB8D /* HYAlertDemo.app */ = {isa = PBXFileReference; explicitFileType = wrapper.application; includeInIndex = 0; path = HYAlertDemo.app; sourceTree = BUILT_PRODUCTS_DIR; };
		8EC905A421241D1B00B9DB8D /* AppDelegate.h */ = {isa = PBXFileReference; lastKnownFileType = sourcecode.c.h; path = AppDelegate.h; sourceTree = "<group>"; };
		8EC905A521241D1B00B9DB8D /* AppDelegate.m */ = {isa = PBXFileReference; lastKnownFileType = sourcecode.c.objc; path = AppDelegate.m; sourceTree = "<group>"; };
		8EC905A721241D1B00B9DB8D /* ViewController.h */ = {isa = PBXFileReference; lastKnownFileType = sourcecode.c.h; path = ViewController.h; sourceTree = "<group>"; };
		8EC905A821241D1B00B9DB8D /* ViewController.m */ = {isa = PBXFileReference; lastKnownFileType = sourcecode.c.objc; path = ViewController.m; sourceTree = "<group>"; };
		8EC905AB21241D1B00B9DB8D /* Base */ = {isa = PBXFileReference; lastKnownFileType = file.storyboard; name = Base; path = Base.lproj/Main.storyboard; sourceTree = "<group>"; };
		8EC905AD21241D1C00B9DB8D /* Assets.xcassets */ = {isa = PBXFileReference; lastKnownFileType = folder.assetcatalog; path = Assets.xcassets; sourceTree = "<group>"; };
		8EC905B021241D1C00B9DB8D /* Base */ = {isa = PBXFileReference; lastKnownFileType = file.storyboard; name = Base; path = Base.lproj/LaunchScreen.storyboard; sourceTree = "<group>"; };
		8EC905B221241D1C00B9DB8D /* Info.plist */ = {isa = PBXFileReference; lastKnownFileType = text.plist.xml; path = Info.plist; sourceTree = "<group>"; };
		8EC905B321241D1C00B9DB8D /* main.m */ = {isa = PBXFileReference; lastKnownFileType = sourcecode.c.objc; path = main.m; sourceTree = "<group>"; };
		8EC905BB21241D4700B9DB8D /* HYAlert.m */ = {isa = PBXFileReference; fileEncoding = 4; lastKnownFileType = sourcecode.c.objc; path = HYAlert.m; sourceTree = "<group>"; };
		8EC905BC21241D4700B9DB8D /* HYAlert.h */ = {isa = PBXFileReference; fileEncoding = 4; lastKnownFileType = sourcecode.c.h; path = HYAlert.h; sourceTree = "<group>"; };
/* End PBXFileReference section */

/* Begin PBXFrameworksBuildPhase section */
		8EC9059E21241D1B00B9DB8D /* Frameworks */ = {
			isa = PBXFrameworksBuildPhase;
			buildActionMask = 2147483647;
			files = (
			);
			runOnlyForDeploymentPostprocessing = 0;
		};
/* End PBXFrameworksBuildPhase section */

/* Begin PBXGroup section */
		8EC9059821241D1B00B9DB8D = {
			isa = PBXGroup;
			children = (
				8EC905A321241D1B00B9DB8D /* HYAlertDemo */,
				8EC905A221241D1B00B9DB8D /* Products */,
			);
			sourceTree = "<group>";
		};
		8EC905A221241D1B00B9DB8D /* Products */ = {
			isa = PBXGroup;
			children = (
				8EC905A121241D1B00B9DB8D /* HYAlertDemo.app */,
			);
			name = Products;
			sourceTree = "<group>";
		};
		8EC905A321241D1B00B9DB8D /* HYAlertDemo */ = {
			isa = PBXGroup;
			children = (
				8EC905BA21241D2D00B9DB8D /* HYAlert */,
				8EC905A421241D1B00B9DB8D /* AppDelegate.h */,
				8EC905A521241D1B00B9DB8D /* AppDelegate.m */,
				8EC905A721241D1B00B9DB8D /* ViewController.h */,
				8EC905A821241D1B00B9DB8D /* ViewController.m */,
				8EC905AA21241D1B00B9DB8D /* Main.storyboard */,
				8EC905AD21241D1C00B9DB8D /* Assets.xcassets */,
				8EC905AF21241D1C00B9DB8D /* LaunchScreen.storyboard */,
				8EC905B221241D1C00B9DB8D /* Info.plist */,
				8EC905B321241D1C00B9DB8D /* main.m */,
			);
			path = HYAlertDemo;
			sourceTree = "<group>";
		};
		8EC905BA21241D2D00B9DB8D /* HYAlert */ = {
			isa = PBXGroup;
			children = (
				8EC905BC21241D4700B9DB8D /* HYAlert.h */,
				8EC905BB21241D4700B9DB8D /* HYAlert.m */,
			);
			path = HYAlert;
			sourceTree = "<group>";
		};
/* End PBXGroup section */

/* Begin PBXNativeTarget section */
		8EC905A021241D1B00B9DB8D /* HYAlertDemo */ = {
			isa = PBXNativeTarget;
			buildConfigurationList = 8EC905B721241D1C00B9DB8D /* Build configuration list for PBXNativeTarget "HYAlertDemo" */;
			buildPhases = (
				8EC9059D21241D1B00B9DB8D /* Sources */,
				8EC9059E21241D1B00B9DB8D /* Frameworks */,
				8EC9059F21241D1B00B9DB8D /* Resources */,
			);
			buildRules = (
			);
			dependencies = (
			);
			name = HYAlertDemo;
			productName = HYAlertDemo;
			productReference = 8EC905A121241D1B00B9DB8D /* HYAlertDemo.app */;
			productType = "com.apple.product-type.application";
		};
/* End PBXNativeTarget section */

/* Begin PBXProject section */
		8EC9059921241D1B00B9DB8D /* Project object */ = {
			isa = PBXProject;
			attributes = {
				LastUpgradeCheck = 0940;
				ORGANIZATIONNAME = ocean;
				TargetAttributes = {
					8EC905A021241D1B00B9DB8D = {
						CreatedOnToolsVersion = 9.4.1;
					};
				};
			};
			buildConfigurationList = 8EC9059C21241D1B00B9DB8D /* Build configuration list for PBXProject "HYAlertDemo" */;
			compatibilityVersion = "Xcode 9.3";
			developmentRegion = en;
			hasScannedForEncodings = 0;
			knownRegions = (
				en,
				Base,
			);
			mainGroup = 8EC9059821241D1B00B9DB8D;
			productRefGroup = 8EC905A221241D1B00B9DB8D /* Products */;
			projectDirPath = "";
			projectRoot = "";
			targets = (
				8EC905A021241D1B00B9DB8D /* HYAlertDemo */,
			);
		};
/* End PBXProject section */

/* Begin PBXResourcesBuildPhase section */
		8EC9059F21241D1B00B9DB8D /* Resources */ = {
			isa = PBXResourcesBuildPhase;
			buildActionMask = 2147483647;
			files = (
				8EC905B121241D1C00B9DB8D /* LaunchScreen.storyboard in Resources */,
				8EC905AE21241D1C00B9DB8D /* Assets.xcassets in Resources */,
				8EC905AC21241D1B00B9DB8D /* Main.storyboard in Resources */,
			);
			runOnlyForDeploymentPostprocessing = 0;
		};
/* End PBXResourcesBuildPhase section */

/* Begin PBXSourcesBuildPhase section */
		8EC9059D21241D1B00B9DB8D /* Sources */ = {
			isa = PBXSourcesBuildPhase;
			buildActionMask = 2147483647;
			files = (
				8EC905A921241D1B00B9DB8D /* ViewController.m in Sources */,
				8EC905BD21241D4700B9DB8D /* HYAlert.m in Sources */,
				8EC905B421241D1C00B9DB8D /* main.m in Sources */,
				8EC905A621241D1B00B9DB8D /* AppDelegate.m in Sources */,
			);
			runOnlyForDeploymentPostprocessing = 0;
		};
/* End PBXSourcesBuildPhase section */

/* Begin PBXVariantGroup section */
		8EC905AA21241D1B00B9DB8D /* Main.storyboard */ = {
			isa = PBXVariantGroup;
			children = (
				8EC905AB21241D1B00B9DB8D /* Base */,
			);
			name = Main.storyboard;
			sourceTree = "<group>";
		};
		8EC905AF21241D1C00B9DB8D /* LaunchScreen.storyboard */ = {
			isa = PBXVariantGroup;
			children = (
				8EC905B021241D1C00B9DB8D /* Base */,
			);
			name = LaunchScreen.storyboard;
			sourceTree = "<group>";
		};
/* End PBXVariantGroup section */

/* Begin XCBuildConfiguration section */
		8EC905B521241D1C00B9DB8D /* Debug */ = {
			isa = XCBuildConfiguration;
			buildSettings = {
				ALWAYS_SEARCH_USER_PATHS = NO;
				CLANG_ANALYZER_NONNULL = YES;
				CLANG_ANALYZER_NUMBER_OBJECT_CONVERSION = YES_AGGRESSIVE;
				CLANG_CXX_LANGUAGE_STANDARD = "gnu++14";
				CLANG_CXX_LIBRARY = "libc++";
				CLANG_ENABLE_MODULES = YES;
				CLANG_ENABLE_OBJC_ARC = YES;
				CLANG_ENABLE_OBJC_WEAK = YES;
				CLANG_WARN_BLOCK_CAPTURE_AUTORELEASING = YES;
				CLANG_WARN_BOOL_CONVERSION = YES;
				CLANG_WARN_COMMA = YES;
				CLANG_WARN_CONSTANT_CONVERSION = YES;
				CLANG_WARN_DEPRECATED_OBJC_IMPLEMENTATIONS = YES;
				CLANG_WARN_DIRECT_OBJC_ISA_USAGE = YES_ERROR;
				CLANG_WARN_DOCUMENTATION_COMMENTS = YES;
				CLANG_WARN_EMPTY_BODY = YES;
				CLANG_WARN_ENUM_CONVERSION = YES;
				CLANG_WARN_INFINITE_RECURSION = YES;
				CLANG_WARN_INT_CONVERSION = YES;
				CLANG_WARN_NON_LITERAL_NULL_CONVERSION = YES;
				CLANG_WARN_OBJC_IMPLICIT_RETAIN_SELF = YES;
				CLANG_WARN_OBJC_LITERAL_CONVERSION = YES;
				CLANG_WARN_OBJC_ROOT_CLASS = YES_ERROR;
				CLANG_WARN_RANGE_LOOP_ANALYSIS = YES;
				CLANG_WARN_STRICT_PROTOTYPES = YES;
				CLANG_WARN_SUSPICIOUS_MOVE = YES;
				CLANG_WARN_UNGUARDED_AVAILABILITY = YES_AGGRESSIVE;
				CLANG_WARN_UNREACHABLE_CODE = YES;
				CLANG_WARN__DUPLICATE_METHOD_MATCH = YES;
				CODE_SIGN_IDENTITY = "iPhone Developer";
				COPY_PHASE_STRIP = NO;
				DEBUG_INFORMATION_FORMAT = dwarf;
				ENABLE_STRICT_OBJC_MSGSEND = YES;
				ENABLE_TESTABILITY = YES;
				GCC_C_LANGUAGE_STANDARD = gnu11;
				GCC_DYNAMIC_NO_PIC = NO;
				GCC_NO_COMMON_BLOCKS = YES;
				GCC_OPTIMIZATION_LEVEL = 0;
				GCC_PREPROCESSOR_DEFINITIONS = (
					"DEBUG=1",
					"$(inherited)",
				);
				GCC_WARN_64_TO_32_BIT_CONVERSION = YES;
				GCC_WARN_ABOUT_RETURN_TYPE = YES_ERROR;
				GCC_WARN_UNDECLARED_SELECTOR = YES;
				GCC_WARN_UNINITIALIZED_AUTOS = YES_AGGRESSIVE;
				GCC_WARN_UNUSED_FUNCTION = YES;
				GCC_WARN_UNUSED_VARIABLE = YES;
				IPHONEOS_DEPLOYMENT_TARGET = 11.4;
				MTL_ENABLE_DEBUG_INFO = YES;
				ONLY_ACTIVE_ARCH = YES;
				SDKROOT = iphoneos;
			};
			name = Debug;
		};
		8EC905B621241D1C00B9DB8D /* Release */ = {
			isa = XCBuildConfiguration;
			buildSettings = {
				ALWAYS_SEARCH_USER_PATHS = NO;
				CLANG_ANALYZER_NONNULL = YES;
				CLANG_ANALYZER_NUMBER_OBJECT_CONVERSION = YES_AGGRESSIVE;
				CLANG_CXX_LANGUAGE_STANDARD = "gnu++14";
				CLANG_CXX_LIBRARY = "libc++";
				CLANG_ENABLE_MODULES = YES;
				CLANG_ENABLE_OBJC_ARC = YES;
				CLANG_ENABLE_OBJC_WEAK = YES;
				CLANG_WARN_BLOCK_CAPTURE_AUTORELEASING = YES;
				CLANG_WARN_BOOL_CONVERSION = YES;
				CLANG_WARN_COMMA = YES;
				CLANG_WARN_CONSTANT_CONVERSION = YES;
				CLANG_WARN_DEPRECATED_OBJC_IMPLEMENTATIONS = YES;
				CLANG_WARN_DIRECT_OBJC_ISA_USAGE = YES_ERROR;
				CLANG_WARN_DOCUMENTATION_COMMENTS = YES;
				CLANG_WARN_EMPTY_BODY = YES;
				CLANG_WARN_ENUM_CONVERSION = YES;
				CLANG_WARN_INFINITE_RECURSION = YES;
				CLANG_WARN_INT_CONVERSION = YES;
				CLANG_WARN_NON_LITERAL_NULL_CONVERSION = YES;
				CLANG_WARN_OBJC_IMPLICIT_RETAIN_SELF = YES;
				CLANG_WARN_OBJC_LITERAL_CONVERSION = YES;
				CLANG_WARN_OBJC_ROOT_CLASS = YES_ERROR;
				CLANG_WARN_RANGE_LOOP_ANALYSIS = YES;
				CLANG_WARN_STRICT_PROTOTYPES = YES;
				CLANG_WARN_SUSPICIOUS_MOVE = YES;
				CLANG_WARN_UNGUARDED_AVAILABILITY = YES_AGGRESSIVE;
				CLANG_WARN_UNREACHABLE_CODE = YES;
				CLANG_WARN__DUPLICATE_METHOD_MATCH = YES;
				CODE_SIGN_IDENTITY = "iPhone Developer";
				COPY_PHASE_STRIP = NO;
				DEBUG_INFORMATION_FORMAT = "dwarf-with-dsym";
				ENABLE_NS_ASSERTIONS = NO;
				ENABLE_STRICT_OBJC_MSGSEND = YES;
				GCC_C_LANGUAGE_STANDARD = gnu11;
				GCC_NO_COMMON_BLOCKS = YES;
				GCC_WARN_64_TO_32_BIT_CONVERSION = YES;
				GCC_WARN_ABOUT_RETURN_TYPE = YES_ERROR;
				GCC_WARN_UNDECLARED_SELECTOR = YES;
				GCC_WARN_UNINITIALIZED_AUTOS = YES_AGGRESSIVE;
				GCC_WARN_UNUSED_FUNCTION = YES;
				GCC_WARN_UNUSED_VARIABLE = YES;
				IPHONEOS_DEPLOYMENT_TARGET = 11.4;
				MTL_ENABLE_DEBUG_INFO = NO;
				SDKROOT = iphoneos;
				VALIDATE_PRODUCT = YES;
			};
			name = Release;
		};
		8EC905B821241D1C00B9DB8D /* Debug */ = {
			isa = XCBuildConfiguration;
			buildSettings = {
				ASSETCATALOG_COMPILER_APPICON_NAME = AppIcon;
				CODE_SIGN_STYLE = Automatic;
				INFOPLIST_FILE = HYAlertDemo/Info.plist;
				IPHONEOS_DEPLOYMENT_TARGET = 9.0;
				LD_RUNPATH_SEARCH_PATHS = (
					"$(inherited)",
					"@executable_path/Frameworks",
				);
				PRODUCT_BUNDLE_IDENTIFIER = ocean.HYAlertDemo;
				PRODUCT_NAME = "$(TARGET_NAME)";
				TARGETED_DEVICE_FAMILY = "1,2";
			};
			name = Debug;
		};
		8EC905B921241D1C00B9DB8D /* Release */ = {
			isa = XCBuildConfiguration;
			buildSettings = {
				ASSETCATALOG_COMPILER_APPICON_NAME = AppIcon;
				CODE_SIGN_STYLE = Automatic;
				INFOPLIST_FILE = HYAlertDemo/Info.plist;
				IPHONEOS_DEPLOYMENT_TARGET = 9.0;
				LD_RUNPATH_SEARCH_PATHS = (
					"$(inherited)",
					"@executable_path/Frameworks",
				);
				PRODUCT_BUNDLE_IDENTIFIER = ocean.HYAlertDemo;
				PRODUCT_NAME = "$(TARGET_NAME)";
				TARGETED_DEVICE_FAMILY = "1,2";
			};
			name = Release;
		};
/* End XCBuildConfiguration section */

/* Begin XCConfigurationList section */
		8EC9059C21241D1B00B9DB8D /* Build configuration list for PBXProject "HYAlertDemo" */ = {
			isa = XCConfigurationList;
			buildConfigurations = (
				8EC905B521241D1C00B9DB8D /* Debug */,
				8EC905B621241D1C00B9DB8D /* Release */,
			);
			defaultConfigurationIsVisible = 0;
			defaultConfigurationName = Release;
		};
		8EC905B721241D1C00B9DB8D /* Build configuration list for PBXNativeTarget "HYAlertDemo" */ = {
			isa = XCConfigurationList;
			buildConfigurations = (
				8EC905B821241D1C00B9DB8D /* Debug */,
				8EC905B921241D1C00B9DB8D /* Release */,
			);
			defaultConfigurationIsVisible = 0;
			defaultConfigurationName = Release;
		};
/* End XCConfigurationList section */
	};
	rootObject = 8EC9059921241D1B00B9DB8D /* Project object */;
}
